{
  "lockfile_version": "1",
  "packages": {
    "github:NixOS/nixpkgs/nixpkgs-unstable": {
      "last_modified": "2025-10-24T23:52:36Z",
      "resolved": "github:NixOS/nixpkgs/02f2cb8e0feb4596d20cc52fda73ccee960e3538?lastModified=1761349956&narHash=sha256-tH3wHnOJms%2BU4k%2FrK2Nn1RfBrhffX92jLP%2F2VndSn0w%3D"
    },
    "poetry@latest": {
      "last_modified": "2025-11-17T10:23:24Z",
      "plugin_version": "0.0.4",
      "resolved": "github:NixOS/nixpkgs/8b6600824693a9c706ef09bd86711ca393703466#poetry",
      "source": "devbox-search",
      "version": "2.2.1",
      "systems": {
        "aarch64-darwin": {
          "outputs": [
            {
              "name": "out",
              "path": "/nix/store/7qw4nc93h7sxxyll535sbida0xqa23g0-python3.13-poetry-2.2.1",
              "default": true
            },
            {
              "name": "dist",
              "path": "/nix/store/kbb9d0c2hihgxr86qxmysn9yxqrhjadr-python3.13-poetry-2.2.1-dist"
            }
          ],
          "store_path": "/nix/store/7qw4nc93h7sxxyll535sbida0xqa23g0-python3.13-poetry-2.2.1"
        },
        "aarch64-linux": {
          "outputs": [
            {
              "name": "out",
              "path": "/nix/store/gm6m0njp3lci7a9ylrk3qsj7gq2476yi-python3.13-poetry-2.2.1",
              "default": true
            },
            {
              "name": "dist",
              "path": "/nix/store/6kbn125dp59fyc4snj4bq0g2d8q3k6lk-python3.13-poetry-2.2.1-dist"
            }
          ],
          "store_path": "/nix/store/gm6m0njp3lci7a9ylrk3qsj7gq2476yi-python3.13-poetry-2.2.1"
        },
        "x86_64-darwin": {
          "outputs": [
            {
              "name": "out",
              "path": "/nix/store/dwb9h7q9dqh9rc9yd34pajkq2n5bcfms-python3.13-poetry-2.2.1",
              "default": true
            },
            {
              "name": "dist",
              "path": "/nix/store/bjh3zwmyjz03ycg65gdphb7h4qq742x2-python3.13-poetry-2.2.1-dist"
            }
          ],
          "store_path": "/nix/store/dwb9h7q9dqh9rc9yd34pajkq2n5bcfms-python3.13-poetry-2.2.1"
        },
        "x86_64-linux": {
          "outputs": [
            {
              "name": "out",
              "path": "/nix/store/fvznhfdbcbahr6wlj3qpavdmvzpmmv68-python3.13-poetry-2.2.1",
              "default": true
            },
            {
              "name": "dist",
              "path": "/nix/store/z243jhndfq46mlz6f67asvzr7n3p17rp-python3.13-poetry-2.2.1-dist"
            }
          ],
          "store_path": "/nix/store/fvznhfdbcbahr6wlj3qpavdmvzpmmv68-python3.13-poetry-2.2.1"
        }
      }
    },
    "python@3.11.9": {
      "last_modified": "2024-06-12T20:55:33Z",
      "plugin_version": "0.0.4",
      "resolved": "github:NixOS/nixpkgs/a9858885e197f984d92d7fe64e9fff6b2e488d40#python3",
      "source": "devbox-search",
      "version": "3.11.9",
      "systems": {
        "aarch64-darwin": {
          "outputs": [
            {
              "name": "out",
              "path": "/nix/store/327bf08j5b7l9cnzink3g4vp32y5352j-python3-3.11.9",
              "default": true
            }
          ],
          "store_path": "/nix/store/327bf08j5b7l9cnzink3g4vp32y5352j-python3-3.11.9"
        },
        "aarch64-linux": {
          "outputs": [
            {
              "name": "out",
              "path": "/nix/store/q3x28mimkawkdjlvd78jxv3s0fk25vz8-python3-3.11.9",
              "default": true
            },
            {
              "name": "debug",
              "path": "/nix/store/kl8hjhf6x7dz7brs1ylkxy26qb8argaq-python3-3.11.9-debug"
            }
          ],
          "store_path": "/nix/store/q3x28mimkawkdjlvd78jxv3s0fk25vz8-python3-3.11.9"
        },
        "x86_64-darwin": {
          "outputs": [
            {
              "name": "out",
              "path": "/nix/store/9lcbaggnygcqpgzakib5lwisks8gnn5i-python3-3.11.9",
              "default": true
            }
          ],
          "store_path": "/nix/store/9lcbaggnygcqpgzakib5lwisks8gnn5i-python3-3.11.9"
        },
        "x86_64-linux": {
          "outputs": [
            {
              "name": "out",
              "path": "/nix/store/6b1fqdwb3g56j5pazv8zkx9qd0mv3wiz-python3-3.11.9",
              "default": true
            },
            {
              "name": "debug",
              "path": "/nix/store/61rzpp3v8dsf6h17h3jnnwlm5hwc2brr-python3-3.11.9-debug"
            }
          ],
          "store_path": "/nix/store/6b1fqdwb3g56j5pazv8zkx9qd0mv3wiz-python3-3.11.9"
        }
      }
    }
  }
}
